
Microsoft Visual Studio Solution File, Format Version 12.00
Project("{FAE04EC0-301F-11D3-BF4B-00C04F79EFBC}") = "AdminItems.Api", "AdminItems.Api\AdminItems.Api.csproj", "{79E7547A-FF0D-476C-B224-FF18E4E9AABC}"
EndProject
Project("{FAE04EC0-301F-11D3-BF4B-00C04F79EFBC}") = "AdminItems.Tests", "AdminItems.Tests\AdminItems.Tests.csproj", "{0F716DC9-2329-4BAE-890D-42AB39A587EF}"
EndProject
Project("{FAE04EC0-301F-11D3-BF4B-00C04F79EFBC}") = "AdminItems.Migrator", "AdminItems.Migrator\AdminItems.Migrator.csproj", "{F5D8267E-0AEE-4234-A853-8553B9A0F34E}"
EndProject
Project("{FAE04EC0-301F-11D3-BF4B-00C04F79EFBC}") = "AdminItems.IntegrationTests", "AdminItems.IntegrationTests\AdminItems.IntegrationTests.csproj", "{A4C9B294-489E-4EFB-B729-78C193460EAF}"
EndProject
Project("{2150E333-8FDC-42A3-9474-1A3956D46DE8}") = "src", "src", "{1C89A42A-F524-4606-B53B-6C1610C909F2}"
EndProject
Project("{2150E333-8FDC-42A3-9474-1A3956D46DE8}") = "tests", "tests", "{B02BAB34-3906-4362-AE44-8C1B942F9808}"
EndProject
Project("{FAE04EC0-301F-11D3-BF4B-00C04F79EFBC}") = "AdminItems.Benchmarks", "AdminItems.Benchmarks\AdminItems.Benchmarks.csproj", "{D53C4FE1-C586-459F-B98C-B23F3310D3C3}"
EndProject
Global
	GlobalSection(SolutionConfigurationPlatforms) = preSolution
		Debug|Any CPU = Debug|Any CPU
		Release|Any CPU = Release|Any CPU
	EndGlobalSection
	GlobalSection(ProjectConfigurationPlatforms) = postSolution
		{79E7547A-FF0D-476C-B224-FF18E4E9AABC}.Debug|Any CPU.ActiveCfg = Debug|Any CPU
		{79E7547A-FF0D-476C-B224-FF18E4E9AABC}.Debug|Any CPU.Build.0 = Debug|Any CPU
		{79E7547A-FF0D-476C-B224-FF18E4E9AABC}.Release|Any CPU.ActiveCfg = Release|Any CPU
		{79E7547A-FF0D-476C-B224-FF18E4E9AABC}.Release|Any CPU.Build.0 = Release|Any CPU
		{0F716DC9-2329-4BAE-890D-42AB39A587EF}.Debug|Any CPU.ActiveCfg = Debug|Any CPU
		{0F716DC9-2329-4BAE-890D-42AB39A587EF}.Debug|Any CPU.Build.0 = Debug|Any CPU
		{0F716DC9-2329-4BAE-890D-42AB39A587EF}.Release|Any CPU.ActiveCfg = Release|Any CPU
		{0F716DC9-2329-4BAE-890D-42AB39A587EF}.Release|Any CPU.Build.0 = Release|Any CPU
		{F5D8267E-0AEE-4234-A853-8553B9A0F34E}.Debug|Any CPU.ActiveCfg = Debug|Any CPU
		{F5D8267E-0AEE-4234-A853-8553B9A0F34E}.Debug|Any CPU.Build.0 = Debug|Any CPU
		{F5D8267E-0AEE-4234-A853-8553B9A0F34E}.Release|Any CPU.ActiveCfg = Release|Any CPU
		{F5D8267E-0AEE-4234-A853-8553B9A0F34E}.Release|Any CPU.Build.0 = Release|Any CPU
		{A4C9B294-489E-4EFB-B729-78C193460EAF}.Debug|Any CPU.ActiveCfg = Debug|Any CPU
		{A4C9B294-489E-4EFB-B729-78C193460EAF}.Debug|Any CPU.Build.0 = Debug|Any CPU
		{A4C9B294-489E-4EFB-B729-78C193460EAF}.Release|Any CPU.ActiveCfg = Release|Any CPU
		{A4C9B294-489E-4EFB-B729-78C193460EAF}.Release|Any CPU.Build.0 = Release|Any CPU
		{D53C4FE1-C586-459F-B98C-B23F3310D3C3}.Debug|Any CPU.ActiveCfg = Debug|Any CPU
		{D53C4FE1-C586-459F-B98C-B23F3310D3C3}.Debug|Any CPU.Build.0 = Debug|Any CPU
		{D53C4FE1-C586-459F-B98C-B23F3310D3C3}.Release|Any CPU.ActiveCfg = Release|Any CPU
		{D53C4FE1-C586-459F-B98C-B23F3310D3C3}.Release|Any CPU.Build.0 = Release|Any CPU
	EndGlobalSection
	GlobalSection(NestedProjects) = preSolution
		{79E7547A-FF0D-476C-B224-FF18E4E9AABC} = {1C89A42A-F524-4606-B53B-6C1610C909F2}
		{F5D8267E-0AEE-4234-A853-8553B9A0F34E} = {1C89A42A-F524-4606-B53B-6C1610C909F2}
		{A4C9B294-489E-4EFB-B729-78C193460EAF} = {B02BAB34-3906-4362-AE44-8C1B942F9808}
		{0F716DC9-2329-4BAE-890D-42AB39A587EF} = {B02BAB34-3906-4362-AE44-8C1B942F9808}
		{D53C4FE1-C586-459F-B98C-B23F3310D3C3} = {B02BAB34-3906-4362-AE44-8C1B942F9808}
	EndGlobalSection
EndGlobal
